<?xml version="1.0" encoding="UTF-8" standalone="yes" ?>
<CodeBlocks_project_file>
	<FileVersion major="1" minor="6" />
	<Project>
		<Option title="Win_Platformer" />
		<Option pch_mode="2" />
		<Option compiler="gcc" />
		<Build>
			<Target title="Debug">
				<Option output="bin/Debug/Win_Platformer" prefix_auto="1" extension_auto="1" />
				<Option object_output="obj/Debug/" />
				<Option type="1" />
				<Option compiler="gcc" />
				<Compiler>
					<Add option="-g" />
				</Compiler>
			</Target>
			<Target title="Release">
				<Option output="bin/Release/Win_Platformer" prefix_auto="1" extension_auto="1" />
				<Option object_output="obj/Release/" />
				<Option type="0" />
				<Option compiler="gcc" />
				<Compiler>
					<Add option="-O2" />
				</Compiler>
				<Linker>
					<Add option="-s" />
				</Linker>
			</Target>
		</Build>
		<Compiler>
			<Add option="-Wall" />
			<Add directory="C:/SDL2/SDL2-2.0.14/i686-w64-mingw32/include" />
		</Compiler>
		<Linker>
			<Add library="mingw32" />
			<Add library="SDL2main" />
			<Add library="SDL2.dll" />
			<Add library="user32" />
			<Add library="gdi32" />
			<Add library="winmm" />
			<Add library="dxguid" />
			<Add directory="C:/SDL2/SDL2-2.0.14/i686-w64-mingw32/lib" />
		</Linker>
		<ExtraCommands>
			<Add after="XCOPY $(#sdl2)\bin\*.dll $(TARGET_OUTPUT_DIR) /D /Y" />
		</ExtraCommands>
		<Unit filename="lib/geometrie_SDL2.c">
			<Option compilerVar="CC" />
		</Unit>
		<Unit filename="lib/geometrie_SDL2.h" />
		<Unit filename="main.c">
			<Option compilerVar="CC" />
		</Unit>
		<Unit filename="rsc/Obstacle.bmp" />
		<Unit filename="rsc/external-content.bmp" />
		<Unit filename="rsc/linux-1598424452826-2734.bmp" />
		<Unit filename="rsc/obstacle.png" />
		<Unit filename="src/Bank.c">
			<Option compilerVar="CC" />
		</Unit>
		<Unit filename="src/Bank.h" />
		<Unit filename="src/BankTexture.c">
			<Option compilerVar="CC" />
		</Unit>
		<Unit filename="src/mainfunc.c">
			<Option compilerVar="CC" />
		</Unit>
		<Unit filename="src/mainfunc.h" />
		<Unit filename="src/settings.h" />
		<Unit filename="src/struct.h" />
		<Extensions>
			<lib_finder disable_auto="1" />
		</Extensions>
	</Project>
</CodeBlocks_project_file>
